Microsoft Visual Studio Solution File, Format Version 12.00
# Visual Studio Version 17
VisualStudioVersion = 17.5.2.0
MinimumVisualStudioVersion = 10.0.40219.1
Project("{FAE04EC0-301F-11D3-BF4B-00C04F79EFBC}") = "OOPFundamentals", "OOPFundamentals.csproj", "{1B9C314E-BFB4-8363-21B1-9AD81B52E14E}"
EndProject
Global
	GlobalSection(SolutionConfigurationPlatforms) = preSolution
		Debug|Any CPU = Debug|Any CPU
		Release|Any CPU = Release|Any CPU
	EndGlobalSection
	GlobalSection(ProjectConfigurationPlatforms) = postSolution
		{1B9C314E-BFB4-8363-21B1-9AD81B52E14E}.Debug|Any CPU.ActiveCfg = Debug|Any CPU
		{1B9C314E-BFB4-8363-21B1-9AD81B52E14E}.Debug|Any CPU.Build.0 = Debug|Any CPU
		{1B9C314E-BFB4-8363-21B1-9AD81B52E14E}.Release|Any CPU.ActiveCfg = Release|Any CPU
		{1B9C314E-BFB4-8363-21B1-9AD81B52E14E}.Release|Any CPU.Build.0 = Release|Any CPU
	EndGlobalSection
	GlobalSection(SolutionProperties) = preSolution
		HideSolutionNode = FALSE
	EndGlobalSection
	GlobalSection(ExtensibilityGlobals) = postSolution
		SolutionGuid = {1BB46308-49D6-496E-9586-9DDCEB8FEBD8}
	EndGlobalSection
EndGlobal
